
Microsoft Visual Studio Solution File, Format Version 12.00
# Visual Studio Version 17
VisualStudioVersion = 17.10.34928.147
MinimumVisualStudioVersion = 10.0.40219.1
Project("{8BC9CEB8-8B4A-11D0-8D11-00A0C91BC942}") = "Fundamentals_Of_Communication_Software", "Fundamentals_Of_Communication_Software\Fundamentals_Of_Communication_Software.vcxproj", "{5540D810-AEC2-4A68-85B1-977A09D3C162}"
EndProject
Project("{8BC9CEB8-8B4A-11D0-8D11-00A0C91BC942}") = "task_1_Signal_Analyze", "task_1_SignalAnalyze\task_1_SignalAnalyze.vcxproj", "{3D047599-0D2D-467E-B671-5AD03567951F}"
EndProject
Project("{8BC9CEB8-8B4A-11D0-8D11-00A0C91BC942}") = "task_2_Clustering_Algorithms", "task_2_Clustering_Algorithms\task_2_Clustering_Algorithms.vcxproj", "{CA6E9B82-021C-492B-9733-B58318E9DCA9}"
EndProject
Project("{8BC9CEB8-8B4A-11D0-8D11-00A0C91BC942}") = "task_3_BMPRotation", "task_3_BMPRotation\task_3_BMPRotation.vcxproj", "{389B6A80-26A5-4A52-93D6-7C238EF0DD67}"
EndProject
Project("{8BC9CEB8-8B4A-11D0-8D11-00A0C91BC942}") = "task_4_SOCKET_TCP_Server", "task_4_SOCKET_TCP_Server\task_4_SOCKET_TCP_Server.vcxproj", "{AFD22C4A-898A-4494-9449-72780E8791DE}"
EndProject
Project("{8BC9CEB8-8B4A-11D0-8D11-00A0C91BC942}") = "task_4_SOCKET_TCP_Client", "task_4_SOCKET_TCP_Client\task_4_SOCKET_TCP_Client.vcxproj", "{11A680E0-4972-43AB-BD05-1D62929D7129}"
EndProject
Project("{8BC9CEB8-8B4A-11D0-8D11-00A0C91BC942}") = "task_5_Link_State_Routing_Protocol", "task_5_Link_State_Routing_Protocol\task_5_Link_State_Routing_Protocol.vcxproj", "{DB420C26-17BE-459F-8A08-E5491F6B5959}"
EndProject
Global
	GlobalSection(SolutionConfigurationPlatforms) = preSolution
		Debug|x64 = Debug|x64
		Debug|x86 = Debug|x86
		Release|x64 = Release|x64
		Release|x86 = Release|x86
	EndGlobalSection
	GlobalSection(ProjectConfigurationPlatforms) = postSolution
		{5540D810-AEC2-4A68-85B1-977A09D3C162}.Debug|x64.ActiveCfg = Debug|x64
		{5540D810-AEC2-4A68-85B1-977A09D3C162}.Debug|x64.Build.0 = Debug|x64
		{5540D810-AEC2-4A68-85B1-977A09D3C162}.Debug|x86.ActiveCfg = Debug|Win32
		{5540D810-AEC2-4A68-85B1-977A09D3C162}.Debug|x86.Build.0 = Debug|Win32
		{5540D810-AEC2-4A68-85B1-977A09D3C162}.Release|x64.ActiveCfg = Release|x64
		{5540D810-AEC2-4A68-85B1-977A09D3C162}.Release|x64.Build.0 = Release|x64
		{5540D810-AEC2-4A68-85B1-977A09D3C162}.Release|x86.ActiveCfg = Release|Win32
		{5540D810-AEC2-4A68-85B1-977A09D3C162}.Release|x86.Build.0 = Release|Win32
		{3D047599-0D2D-467E-B671-5AD03567951F}.Debug|x64.ActiveCfg = Debug|x64
		{3D047599-0D2D-467E-B671-5AD03567951F}.Debug|x64.Build.0 = Debug|x64
		{3D047599-0D2D-467E-B671-5AD03567951F}.Debug|x86.ActiveCfg = Debug|Win32
		{3D047599-0D2D-467E-B671-5AD03567951F}.Debug|x86.Build.0 = Debug|Win32
		{3D047599-0D2D-467E-B671-5AD03567951F}.Release|x64.ActiveCfg = Release|x64
		{3D047599-0D2D-467E-B671-5AD03567951F}.Release|x64.Build.0 = Release|x64
		{3D047599-0D2D-467E-B671-5AD03567951F}.Release|x86.ActiveCfg = Release|Win32
		{3D047599-0D2D-467E-B671-5AD03567951F}.Release|x86.Build.0 = Release|Win32
		{CA6E9B82-021C-492B-9733-B58318E9DCA9}.Debug|x64.ActiveCfg = Debug|x64
		{CA6E9B82-021C-492B-9733-B58318E9DCA9}.Debug|x64.Build.0 = Debug|x64
		{CA6E9B82-021C-492B-9733-B58318E9DCA9}.Debug|x86.ActiveCfg = Debug|Win32
		{CA6E9B82-021C-492B-9733-B58318E9DCA9}.Debug|x86.Build.0 = Debug|Win32
		{CA6E9B82-021C-492B-9733-B58318E9DCA9}.Release|x64.ActiveCfg = Release|x64
		{CA6E9B82-021C-492B-9733-B58318E9DCA9}.Release|x64.Build.0 = Release|x64
		{CA6E9B82-021C-492B-9733-B58318E9DCA9}.Release|x86.ActiveCfg = Release|Win32
		{CA6E9B82-021C-492B-9733-B58318E9DCA9}.Release|x86.Build.0 = Release|Win32
		{389B6A80-26A5-4A52-93D6-7C238EF0DD67}.Debug|x64.ActiveCfg = Debug|x64
		{389B6A80-26A5-4A52-93D6-7C238EF0DD67}.Debug|x64.Build.0 = Debug|x64
		{389B6A80-26A5-4A52-93D6-7C238EF0DD67}.Debug|x86.ActiveCfg = Debug|Win32
		{389B6A80-26A5-4A52-93D6-7C238EF0DD67}.Debug|x86.Build.0 = Debug|Win32
		{389B6A80-26A5-4A52-93D6-7C238EF0DD67}.Release|x64.ActiveCfg = Release|x64
		{389B6A80-26A5-4A52-93D6-7C238EF0DD67}.Release|x64.Build.0 = Release|x64
		{389B6A80-26A5-4A52-93D6-7C238EF0DD67}.Release|x86.ActiveCfg = Release|Win32
		{389B6A80-26A5-4A52-93D6-7C238EF0DD67}.Release|x86.Build.0 = Release|Win32
		{AFD22C4A-898A-4494-9449-72780E8791DE}.Debug|x64.ActiveCfg = Debug|x64
		{AFD22C4A-898A-4494-9449-72780E8791DE}.Debug|x64.Build.0 = Debug|x64
		{AFD22C4A-898A-4494-9449-72780E8791DE}.Debug|x86.ActiveCfg = Debug|Win32
		{AFD22C4A-898A-4494-9449-72780E8791DE}.Debug|x86.Build.0 = Debug|Win32
		{AFD22C4A-898A-4494-9449-72780E8791DE}.Release|x64.ActiveCfg = Release|x64
		{AFD22C4A-898A-4494-9449-72780E8791DE}.Release|x64.Build.0 = Release|x64
		{AFD22C4A-898A-4494-9449-72780E8791DE}.Release|x86.ActiveCfg = Release|Win32
		{AFD22C4A-898A-4494-9449-72780E8791DE}.Release|x86.Build.0 = Release|Win32
		{11A680E0-4972-43AB-BD05-1D62929D7129}.Debug|x64.ActiveCfg = Debug|x64
		{11A680E0-4972-43AB-BD05-1D62929D7129}.Debug|x64.Build.0 = Debug|x64
		{11A680E0-4972-43AB-BD05-1D62929D7129}.Debug|x86.ActiveCfg = Debug|Win32
		{11A680E0-4972-43AB-BD05-1D62929D7129}.Debug|x86.Build.0 = Debug|Win32
		{11A680E0-4972-43AB-BD05-1D62929D7129}.Release|x64.ActiveCfg = Release|x64
		{11A680E0-4972-43AB-BD05-1D62929D7129}.Release|x64.Build.0 = Release|x64
		{11A680E0-4972-43AB-BD05-1D62929D7129}.Release|x86.ActiveCfg = Release|Win32
		{11A680E0-4972-43AB-BD05-1D62929D7129}.Release|x86.Build.0 = Release|Win32
		{DB420C26-17BE-459F-8A08-E5491F6B5959}.Debug|x64.ActiveCfg = Debug|x64
		{DB420C26-17BE-459F-8A08-E5491F6B5959}.Debug|x64.Build.0 = Debug|x64
		{DB420C26-17BE-459F-8A08-E5491F6B5959}.Debug|x86.ActiveCfg = Debug|Win32
		{DB420C26-17BE-459F-8A08-E5491F6B5959}.Debug|x86.Build.0 = Debug|Win32
		{DB420C26-17BE-459F-8A08-E5491F6B5959}.Release|x64.ActiveCfg = Release|x64
		{DB420C26-17BE-459F-8A08-E5491F6B5959}.Release|x64.Build.0 = Release|x64
		{DB420C26-17BE-459F-8A08-E5491F6B5959}.Release|x86.ActiveCfg = Release|Win32
		{DB420C26-17BE-459F-8A08-E5491F6B5959}.Release|x86.Build.0 = Release|Win32
	EndGlobalSection
	GlobalSection(SolutionProperties) = preSolution
		HideSolutionNode = FALSE
	EndGlobalSection
	GlobalSection(ExtensibilityGlobals) = postSolution
		SolutionGuid = {DC63A082-9136-4DD6-84E6-A85B8A8EF7A7}
	EndGlobalSection
EndGlobal
