<?xml version="1.0" encoding="utf-8"?>
<Project ToolsVersion="4.0" xmlns="http://schemas.microsoft.com/developer/msbuild/2003">
  <ItemGroup>
    <Filter Include="源文件">
      <UniqueIdentifier>{4FC737F1-C7A5-4376-A066-2A32D752A2FF}</UniqueIdentifier>
      <Extensions>cpp;c;cc;cxx;c++;cppm;ixx;def;odl;idl;hpj;bat;asm;asmx</Extensions>
    </Filter>
    <Filter Include="头文件">
      <UniqueIdentifier>{93995380-89BD-4b04-88EB-625FBE52EBFB}</UniqueIdentifier>
      <Extensions>h;hh;hpp;hxx;h++;hm;inl;inc;ipp;xsd</Extensions>
    </Filter>
    <Filter Include="资源文件">
      <UniqueIdentifier>{67DA6AB6-F800-4c08-8B7A-83BB121AAD01}</UniqueIdentifier>
      <Extensions>rc;ico;cur;bmp;dlg;rc2;rct;bin;rgs;gif;jpg;jpeg;jpe;resx;tiff;tif;png;wav;mfcribbon-ms</Extensions>
    </Filter>
  </ItemGroup>
  <ItemGroup>
    <ClCompile Include="main.cpp">
      <Filter>源文件</Filter>
    </ClCompile>
  </ItemGroup>
  <ItemGroup>
    <None Include="..\task_4_SOCKET_TCP_Server\课程资料\通信软件基础b-5.0-socket基础_7e3e3763d0d5c8537d1e.pdf">
      <Filter>资源文件</Filter>
    </None>
    <None Include="..\task_4_SOCKET_TCP_Server\课程资料\通信软件基础b-5.1-socket基础-2_4743e1fecd5a3bd742fa.pdf">
      <Filter>资源文件</Filter>
    </None>
    <None Include="..\task_4_SOCKET_TCP_Server\课程资料\通信软件基础b-6.0-多线程基础_ac677588abec01bdfec5.pdf">
      <Filter>资源文件</Filter>
    </None>
    <None Include="..\task_4_SOCKET_TCP_Server\课程资料\重庆邮电大学实验报告.doc">
      <Filter>资源文件</Filter>
    </None>
  </ItemGroup>
</Project>